
Microsoft Visual Studio Solution File, Format Version 12.00
# Visual Studio 15
VisualStudioVersion = 15.0.28010.2003
MinimumVisualStudioVersion = 10.0.40219.1
Project("{8BC9CEB8-8B4A-11D0-8D11-00A0C91BC942}") = "final homework", "final homework\final homework.vcxproj", "{6DFB296D-2780-4AF3-BD67-027DD4DBCAAC}"
EndProject
Global
	GlobalSection(SolutionConfigurationPlatforms) = preSolution
		Debug|x64 = Debug|x64
		Debug|x86 = Debug|x86
		Release|x64 = Release|x64
		Release|x86 = Release|x86
	EndGlobalSection
	GlobalSection(ProjectConfigurationPlatforms) = postSolution
		{6DFB296D-2780-4AF3-BD67-027DD4DBCAAC}.Debug|x64.ActiveCfg = Debug|x64
		{6DFB296D-2780-4AF3-BD67-027DD4DBCAAC}.Debug|x64.Build.0 = Debug|x64
		{6DFB296D-2780-4AF3-BD67-027DD4DBCAAC}.Debug|x86.ActiveCfg = Debug|Win32
		{6DFB296D-2780-4AF3-BD67-027DD4DBCAAC}.Debug|x86.Build.0 = Debug|Win32
		{6DFB296D-2780-4AF3-BD67-027DD4DBCAAC}.Release|x64.ActiveCfg = Release|x64
		{6DFB296D-2780-4AF3-BD67-027DD4DBCAAC}.Release|x64.Build.0 = Release|x64
		{6DFB296D-2780-4AF3-BD67-027DD4DBCAAC}.Release|x86.ActiveCfg = Release|Win32
		{6DFB296D-2780-4AF3-BD67-027DD4DBCAAC}.Release|x86.Build.0 = Release|Win32
	EndGlobalSection
	GlobalSection(SolutionProperties) = preSolution
		HideSolutionNode = FALSE
	EndGlobalSection
	GlobalSection(ExtensibilityGlobals) = postSolution
		SolutionGuid = {C12921C6-D85C-46F5-8837-7C9BE4FC9AF5}
	EndGlobalSection
EndGlobal
